
Microsoft Visual Studio Solution File, Format Version 12.00
# Visual Studio Version 16
VisualStudioVersion = 16.0.33529.622
MinimumVisualStudioVersion = 10.0.40219.1
Project("{FAE04EC0-301F-11D3-BF4B-00C04F79EFBC}") = "VBDebugger", "VBDebugger\VBDebugger.csproj", "{F35D6CF8-8993-4D7C-A80B-CE3B9BBE3DED}"
EndProject
Project("{8BC9CEB8-8B4A-11D0-8D11-00A0C91BC942}") = "VBRuntime", "VBRuntime\VBRuntime.vcxproj", "{AF61FF2D-DEA2-4CAD-86E7-F222B251BFE9}"
EndProject
Project("{2150E333-8FDC-42A3-9474-1A3956D46DE8}") = "Solution Items", "Solution Items", "{2B3C7058-5313-450C-9711-4430B11A8C0D}"
	ProjectSection(SolutionItems) = preProject
		Shared Models\DebugEvent.fbs = Shared Models\DebugEvent.fbs
		Shared Models\DebuggerInfo.fbs = Shared Models\DebuggerInfo.fbs
	EndProjectSection
EndProject
Project("{8BC9CEB8-8B4A-11D0-8D11-00A0C91BC942}") = "Tests", "Tests\Tests.vcxproj", "{ABEDF709-ABB4-4E5F-A084-9FF8AA05D271}"
EndProject
Project("{FAE04EC0-301F-11D3-BF4B-00C04F79EFBC}") = "VBCodeTransformer", "VBCodeTransformer\VBCodeTransformer.csproj", "{F5B9635B-D1B5-4D8B-AC52-3558EB62A4F4}"
EndProject
Global
	GlobalSection(SolutionConfigurationPlatforms) = preSolution
		Debug|Any CPU = Debug|Any CPU
		Debug|x64 = Debug|x64
		Debug|x86 = Debug|x86
		Release|Any CPU = Release|Any CPU
		Release|x64 = Release|x64
		Release|x86 = Release|x86
	EndGlobalSection
	GlobalSection(ProjectConfigurationPlatforms) = postSolution
		{F35D6CF8-8993-4D7C-A80B-CE3B9BBE3DED}.Debug|Any CPU.ActiveCfg = Debug|Any CPU
		{F35D6CF8-8993-4D7C-A80B-CE3B9BBE3DED}.Debug|Any CPU.Build.0 = Debug|Any CPU
		{F35D6CF8-8993-4D7C-A80B-CE3B9BBE3DED}.Debug|x64.ActiveCfg = Debug|Any CPU
		{F35D6CF8-8993-4D7C-A80B-CE3B9BBE3DED}.Debug|x64.Build.0 = Debug|Any CPU
		{F35D6CF8-8993-4D7C-A80B-CE3B9BBE3DED}.Debug|x86.ActiveCfg = Debug|Any CPU
		{F35D6CF8-8993-4D7C-A80B-CE3B9BBE3DED}.Debug|x86.Build.0 = Debug|Any CPU
		{F35D6CF8-8993-4D7C-A80B-CE3B9BBE3DED}.Release|Any CPU.ActiveCfg = Release|Any CPU
		{F35D6CF8-8993-4D7C-A80B-CE3B9BBE3DED}.Release|Any CPU.Build.0 = Release|Any CPU
		{F35D6CF8-8993-4D7C-A80B-CE3B9BBE3DED}.Release|x64.ActiveCfg = Release|Any CPU
		{F35D6CF8-8993-4D7C-A80B-CE3B9BBE3DED}.Release|x64.Build.0 = Release|Any CPU
		{F35D6CF8-8993-4D7C-A80B-CE3B9BBE3DED}.Release|x86.ActiveCfg = Release|Any CPU
		{F35D6CF8-8993-4D7C-A80B-CE3B9BBE3DED}.Release|x86.Build.0 = Release|Any CPU
		{AF61FF2D-DEA2-4CAD-86E7-F222B251BFE9}.Debug|Any CPU.ActiveCfg = Debug|Win32
		{AF61FF2D-DEA2-4CAD-86E7-F222B251BFE9}.Debug|x64.ActiveCfg = Debug|x64
		{AF61FF2D-DEA2-4CAD-86E7-F222B251BFE9}.Debug|x64.Build.0 = Debug|x64
		{AF61FF2D-DEA2-4CAD-86E7-F222B251BFE9}.Debug|x86.ActiveCfg = Debug|Win32
		{AF61FF2D-DEA2-4CAD-86E7-F222B251BFE9}.Debug|x86.Build.0 = Debug|Win32
		{AF61FF2D-DEA2-4CAD-86E7-F222B251BFE9}.Release|Any CPU.ActiveCfg = Release|Win32
		{AF61FF2D-DEA2-4CAD-86E7-F222B251BFE9}.Release|x64.ActiveCfg = Release|x64
		{AF61FF2D-DEA2-4CAD-86E7-F222B251BFE9}.Release|x64.Build.0 = Release|x64
		{AF61FF2D-DEA2-4CAD-86E7-F222B251BFE9}.Release|x86.ActiveCfg = Release|Win32
		{AF61FF2D-DEA2-4CAD-86E7-F222B251BFE9}.Release|x86.Build.0 = Release|Win32
		{ABEDF709-ABB4-4E5F-A084-9FF8AA05D271}.Debug|Any CPU.ActiveCfg = Debug|Win32
		{ABEDF709-ABB4-4E5F-A084-9FF8AA05D271}.Debug|x64.ActiveCfg = Debug|x64
		{ABEDF709-ABB4-4E5F-A084-9FF8AA05D271}.Debug|x64.Build.0 = Debug|x64
		{ABEDF709-ABB4-4E5F-A084-9FF8AA05D271}.Debug|x86.ActiveCfg = Debug|Win32
		{ABEDF709-ABB4-4E5F-A084-9FF8AA05D271}.Debug|x86.Build.0 = Debug|Win32
		{ABEDF709-ABB4-4E5F-A084-9FF8AA05D271}.Release|Any CPU.ActiveCfg = Release|Win32
		{ABEDF709-ABB4-4E5F-A084-9FF8AA05D271}.Release|x64.ActiveCfg = Release|x64
		{ABEDF709-ABB4-4E5F-A084-9FF8AA05D271}.Release|x64.Build.0 = Release|x64
		{ABEDF709-ABB4-4E5F-A084-9FF8AA05D271}.Release|x86.ActiveCfg = Release|Win32
		{ABEDF709-ABB4-4E5F-A084-9FF8AA05D271}.Release|x86.Build.0 = Release|Win32
		{F5B9635B-D1B5-4D8B-AC52-3558EB62A4F4}.Debug|Any CPU.ActiveCfg = Debug|Any CPU
		{F5B9635B-D1B5-4D8B-AC52-3558EB62A4F4}.Debug|Any CPU.Build.0 = Debug|Any CPU
		{F5B9635B-D1B5-4D8B-AC52-3558EB62A4F4}.Debug|x64.ActiveCfg = Debug|Any CPU
		{F5B9635B-D1B5-4D8B-AC52-3558EB62A4F4}.Debug|x64.Build.0 = Debug|Any CPU
		{F5B9635B-D1B5-4D8B-AC52-3558EB62A4F4}.Debug|x86.ActiveCfg = Debug|Any CPU
		{F5B9635B-D1B5-4D8B-AC52-3558EB62A4F4}.Debug|x86.Build.0 = Debug|Any CPU
		{F5B9635B-D1B5-4D8B-AC52-3558EB62A4F4}.Release|Any CPU.ActiveCfg = Release|Any CPU
		{F5B9635B-D1B5-4D8B-AC52-3558EB62A4F4}.Release|Any CPU.Build.0 = Release|Any CPU
		{F5B9635B-D1B5-4D8B-AC52-3558EB62A4F4}.Release|x64.ActiveCfg = Release|Any CPU
		{F5B9635B-D1B5-4D8B-AC52-3558EB62A4F4}.Release|x64.Build.0 = Release|Any CPU
		{F5B9635B-D1B5-4D8B-AC52-3558EB62A4F4}.Release|x86.ActiveCfg = Release|Any CPU
		{F5B9635B-D1B5-4D8B-AC52-3558EB62A4F4}.Release|x86.Build.0 = Release|Any CPU
	EndGlobalSection
	GlobalSection(SolutionProperties) = preSolution
		HideSolutionNode = FALSE
	EndGlobalSection
	GlobalSection(ExtensibilityGlobals) = postSolution
		SolutionGuid = {3404F647-E780-4D59-9500-DAFABDF0A771}
	EndGlobalSection
EndGlobal
